// !$*UTF8*$!
{
	archiveVersion = 1;
	classes = {
	};
	objectVersion = 46;
	objects = {

/* Begin PBXBuildFile section */
		AC91981C1A775E2600B66570 /* RouteVC.m in Sources */ = {isa = PBXBuildFile; fileRef = AC91981B1A775E2600B66570 /* RouteVC.m */; };
		AC9198221A77945700B66570 /* MapKit.framework in Frameworks */ = {isa = PBXBuildFile; fileRef = AC9198211A77945700B66570 /* MapKit.framework */; };
		ACA17C2B1A72271D009726DA /* tt0140m.ttf in Resources */ = {isa = PBXBuildFile; fileRef = ACA17C291A72271D009726DA /* tt0140m.ttf */; };
		ACA17C2C1A72271D009726DA /* tt0141m.ttf in Resources */ = {isa = PBXBuildFile; fileRef = ACA17C2A1A72271D009726DA /* tt0141m.ttf */; };
		ACA17C2F1A72350D009726DA /* RouteViewController.m in Sources */ = {isa = PBXBuildFile; fileRef = ACA17C2E1A72350D009726DA /* RouteViewController.m */; };
		ACA17C331A7238BE009726DA /* GoogleMaps.framework in Frameworks */ = {isa = PBXBuildFile; fileRef = ACA17C311A7238BE009726DA /* GoogleMaps.framework */; };
		ACA17C351A7238E6009726DA /* AVFoundation.framework in Frameworks */ = {isa = PBXBuildFile; fileRef = ACA17C341A7238E6009726DA /* AVFoundation.framework */; };
		ACA17C371A7238ED009726DA /* CoreData.framework in Frameworks */ = {isa = PBXBuildFile; fileRef = ACA17C361A7238ED009726DA /* CoreData.framework */; };
		ACA17C391A7238F5009726DA /* CoreLocation.framework in Frameworks */ = {isa = PBXBuildFile; fileRef = ACA17C381A7238F5009726DA /* CoreLocation.framework */; };
		ACA17C3B1A7238FC009726DA /* CoreText.framework in Frameworks */ = {isa = PBXBuildFile; fileRef = ACA17C3A1A7238FC009726DA /* CoreText.framework */; };
		ACA17C3D1A723902009726DA /* GLKit.framework in Frameworks */ = {isa = PBXBuildFile; fileRef = ACA17C3C1A723902009726DA /* GLKit.framework */; };
		ACA17C3F1A723907009726DA /* ImageIO.framework in Frameworks */ = {isa = PBXBuildFile; fileRef = ACA17C3E1A723907009726DA /* ImageIO.framework */; };
		ACA17C411A723913009726DA /* libc++.dylib in Frameworks */ = {isa = PBXBuildFile; fileRef = ACA17C401A723913009726DA /* libc++.dylib */; };
		ACA17C431A723923009726DA /* libicucore.dylib in Frameworks */ = {isa = PBXBuildFile; fileRef = ACA17C421A723923009726DA /* libicucore.dylib */; };
		ACA17C451A72392B009726DA /* libz.dylib in Frameworks */ = {isa = PBXBuildFile; fileRef = ACA17C441A72392B009726DA /* libz.dylib */; };
		ACA17C471A72394F009726DA /* OpenGLES.framework in Frameworks */ = {isa = PBXBuildFile; fileRef = ACA17C461A72394F009726DA /* OpenGLES.framework */; };
		ACA17C491A72397D009726DA /* QuartzCore.framework in Frameworks */ = {isa = PBXBuildFile; fileRef = ACA17C481A72397D009726DA /* QuartzCore.framework */; };
		ACA17C4B1A723989009726DA /* SystemConfiguration.framework in Frameworks */ = {isa = PBXBuildFile; fileRef = ACA17C4A1A723989009726DA /* SystemConfiguration.framework */; };
		ACA8ACFC1A70FC8E00CA7F9E /* MenuViewController.m in Sources */ = {isa = PBXBuildFile; fileRef = ACA8ACFB1A70FC8E00CA7F9E /* MenuViewController.m */; };
		ACA8ACFF1A70FD8700CA7F9E /* MenuCustomTableViewCell.m in Sources */ = {isa = PBXBuildFile; fileRef = ACA8ACFE1A70FD8700CA7F9E /* MenuCustomTableViewCell.m */; };
		ACABF82D1A72652100FBD1BC /* GoogleMaps.bundle in Resources */ = {isa = PBXBuildFile; fileRef = ACABF82C1A72652100FBD1BC /* GoogleMaps.bundle */; };
		ACE99ACB1A7117F900BF6C06 /* SWRevealViewController.m in Sources */ = {isa = PBXBuildFile; fileRef = ACE99ACA1A7117F900BF6C06 /* SWRevealViewController.m */; };
		ACE99ACE1A711FEE00BF6C06 /* LunchViewController.m in Sources */ = {isa = PBXBuildFile; fileRef = ACE99ACD1A711FEE00BF6C06 /* LunchViewController.m */; };
		ACE99AD11A71200500BF6C06 /* ArabianNightsVC.m in Sources */ = {isa = PBXBuildFile; fileRef = ACE99AD01A71200500BF6C06 /* ArabianNightsVC.m */; };
		ACE99AD41A71201700BF6C06 /* SunshineVC.m in Sources */ = {isa = PBXBuildFile; fileRef = ACE99AD31A71201700BF6C06 /* SunshineVC.m */; };
		ACE99AD71A71203500BF6C06 /* VowsOfEternity.m in Sources */ = {isa = PBXBuildFile; fileRef = ACE99AD61A71203500BF6C06 /* VowsOfEternity.m */; };
		ACE99ADA1A712AA400BF6C06 /* Main.storyboard in Resources */ = {isa = PBXBuildFile; fileRef = ACE99AD81A712AA400BF6C06 /* Main.storyboard */; };
		ACF3C8D31A6F9849005AAC96 /* main.m in Sources */ = {isa = PBXBuildFile; fileRef = ACF3C8D21A6F9849005AAC96 /* main.m */; };
		ACF3C8D61A6F9849005AAC96 /* AppDelegate.m in Sources */ = {isa = PBXBuildFile; fileRef = ACF3C8D51A6F9849005AAC96 /* AppDelegate.m */; };
		ACF3C8D91A6F9849005AAC96 /* ViewController.m in Sources */ = {isa = PBXBuildFile; fileRef = ACF3C8D81A6F9849005AAC96 /* ViewController.m */; };
		ACF3C8DE1A6F9849005AAC96 /* Images.xcassets in Resources */ = {isa = PBXBuildFile; fileRef = ACF3C8DD1A6F9849005AAC96 /* Images.xcassets */; };
		ACF3C8E11A6F9849005AAC96 /* LaunchScreen.xib in Resources */ = {isa = PBXBuildFile; fileRef = ACF3C8DF1A6F9849005AAC96 /* LaunchScreen.xib */; };
		ACF3C8ED1A6F9849005AAC96 /* PayalAndBhaveshTests.m in Sources */ = {isa = PBXBuildFile; fileRef = ACF3C8EC1A6F9849005AAC96 /* PayalAndBhaveshTests.m */; };
/* End PBXBuildFile section */

/* Begin PBXContainerItemProxy section */
		ACF3C8E71A6F9849005AAC96 /* PBXContainerItemProxy */ = {
			isa = PBXContainerItemProxy;
			containerPortal = ACF3C8C51A6F9849005AAC96 /* Project object */;
			proxyType = 1;
			remoteGlobalIDString = ACF3C8CC1A6F9849005AAC96;
			remoteInfo = PayalAndBhavesh;
		};
/* End PBXContainerItemProxy section */

/* Begin PBXFileReference section */
		AC5224781A78DBA600378CEB /* UConstants.h */ = {isa = PBXFileReference; fileEncoding = 4; lastKnownFileType = sourcecode.c.h; path = UConstants.h; sourceTree = "<group>"; };
		AC91981A1A775E2600B66570 /* RouteVC.h */ = {isa = PBXFileReference; fileEncoding = 4; lastKnownFileType = sourcecode.c.h; path = RouteVC.h; sourceTree = "<group>"; };
		AC91981B1A775E2600B66570 /* RouteVC.m */ = {isa = PBXFileReference; fileEncoding = 4; lastKnownFileType = sourcecode.c.objc; path = RouteVC.m; sourceTree = "<group>"; };
		AC9198211A77945700B66570 /* MapKit.framework */ = {isa = PBXFileReference; lastKnownFileType = wrapper.framework; name = MapKit.framework; path = System/Library/Frameworks/MapKit.framework; sourceTree = SDKROOT; };
		ACA17C291A72271D009726DA /* tt0140m.ttf */ = {isa = PBXFileReference; lastKnownFileType = file; name = tt0140m.ttf; path = PayalAndBhavesh/tt0140m.ttf; sourceTree = "<group>"; };
		ACA17C2A1A72271D009726DA /* tt0141m.ttf */ = {isa = PBXFileReference; lastKnownFileType = file; name = tt0141m.ttf; path = PayalAndBhavesh/tt0141m.ttf; sourceTree = "<group>"; };
		ACA17C2D1A72350D009726DA /* RouteViewController.h */ = {isa = PBXFileReference; fileEncoding = 4; lastKnownFileType = sourcecode.c.h; path = RouteViewController.h; sourceTree = "<group>"; };
		ACA17C2E1A72350D009726DA /* RouteViewController.m */ = {isa = PBXFileReference; fileEncoding = 4; lastKnownFileType = sourcecode.c.objc; path = RouteViewController.m; sourceTree = "<group>"; };
		ACA17C311A7238BE009726DA /* GoogleMaps.framework */ = {isa = PBXFileReference; lastKnownFileType = wrapper.framework; path = GoogleMaps.framework; sourceTree = "<group>"; };
		ACA17C341A7238E6009726DA /* AVFoundation.framework */ = {isa = PBXFileReference; lastKnownFileType = wrapper.framework; name = AVFoundation.framework; path = System/Library/Frameworks/AVFoundation.framework; sourceTree = SDKROOT; };
		ACA17C361A7238ED009726DA /* CoreData.framework */ = {isa = PBXFileReference; lastKnownFileType = wrapper.framework; name = CoreData.framework; path = System/Library/Frameworks/CoreData.framework; sourceTree = SDKROOT; };
		ACA17C381A7238F5009726DA /* CoreLocation.framework */ = {isa = PBXFileReference; lastKnownFileType = wrapper.framework; name = CoreLocation.framework; path = System/Library/Frameworks/CoreLocation.framework; sourceTree = SDKROOT; };
		ACA17C3A1A7238FC009726DA /* CoreText.framework */ = {isa = PBXFileReference; lastKnownFileType = wrapper.framework; name = CoreText.framework; path = System/Library/Frameworks/CoreText.framework; sourceTree = SDKROOT; };
		ACA17C3C1A723902009726DA /* GLKit.framework */ = {isa = PBXFileReference; lastKnownFileType = wrapper.framework; name = GLKit.framework; path = System/Library/Frameworks/GLKit.framework; sourceTree = SDKROOT; };
		ACA17C3E1A723907009726DA /* ImageIO.framework */ = {isa = PBXFileReference; lastKnownFileType = wrapper.framework; name = ImageIO.framework; path = System/Library/Frameworks/ImageIO.framework; sourceTree = SDKROOT; };
		ACA17C401A723913009726DA /* libc++.dylib */ = {isa = PBXFileReference; lastKnownFileType = "compiled.mach-o.dylib"; name = "libc++.dylib"; path = "usr/lib/libc++.dylib"; sourceTree = SDKROOT; };
		ACA17C421A723923009726DA /* libicucore.dylib */ = {isa = PBXFileReference; lastKnownFileType = "compiled.mach-o.dylib"; name = libicucore.dylib; path = usr/lib/libicucore.dylib; sourceTree = SDKROOT; };
		ACA17C441A72392B009726DA /* libz.dylib */ = {isa = PBXFileReference; lastKnownFileType = "compiled.mach-o.dylib"; name = libz.dylib; path = usr/lib/libz.dylib; sourceTree = SDKROOT; };
		ACA17C461A72394F009726DA /* OpenGLES.framework */ = {isa = PBXFileReference; lastKnownFileType = wrapper.framework; name = OpenGLES.framework; path = System/Library/Frameworks/OpenGLES.framework; sourceTree = SDKROOT; };
		ACA17C481A72397D009726DA /* QuartzCore.framework */ = {isa = PBXFileReference; lastKnownFileType = wrapper.framework; name = QuartzCore.framework; path = System/Library/Frameworks/QuartzCore.framework; sourceTree = SDKROOT; };
		ACA17C4A1A723989009726DA /* SystemConfiguration.framework */ = {isa = PBXFileReference; lastKnownFileType = wrapper.framework; name = SystemConfiguration.framework; path = System/Library/Frameworks/SystemConfiguration.framework; sourceTree = SDKROOT; };
		ACA8ACFA1A70FC8E00CA7F9E /* MenuViewController.h */ = {isa = PBXFileReference; fileEncoding = 4; lastKnownFileType = sourcecode.c.h; path = MenuViewController.h; sourceTree = "<group>"; };
		ACA8ACFB1A70FC8E00CA7F9E /* MenuViewController.m */ = {isa = PBXFileReference; fileEncoding = 4; lastKnownFileType = sourcecode.c.objc; path = MenuViewController.m; sourceTree = "<group>"; };
		ACA8ACFD1A70FD8700CA7F9E /* MenuCustomTableViewCell.h */ = {isa = PBXFileReference; fileEncoding = 4; lastKnownFileType = sourcecode.c.h; path = MenuCustomTableViewCell.h; sourceTree = "<group>"; };
		ACA8ACFE1A70FD8700CA7F9E /* MenuCustomTableViewCell.m */ = {isa = PBXFileReference; fileEncoding = 4; lastKnownFileType = sourcecode.c.objc; path = MenuCustomTableViewCell.m; sourceTree = "<group>"; };
		ACABF82C1A72652100FBD1BC /* GoogleMaps.bundle */ = {isa = PBXFileReference; lastKnownFileType = "wrapper.plug-in"; name = GoogleMaps.bundle; path = GoogleMaps.framework/Versions/A/Resources/GoogleMaps.bundle; sourceTree = "<group>"; };
		ACE99AC91A7117F900BF6C06 /* SWRevealViewController.h */ = {isa = PBXFileReference; fileEncoding = 4; lastKnownFileType = sourcecode.c.h; path = SWRevealViewController.h; sourceTree = "<group>"; };
		ACE99ACA1A7117F900BF6C06 /* SWRevealViewController.m */ = {isa = PBXFileReference; fileEncoding = 4; lastKnownFileType = sourcecode.c.objc; path = SWRevealViewController.m; sourceTree = "<group>"; };
		ACE99ACC1A711FEE00BF6C06 /* LunchViewController.h */ = {isa = PBXFileReference; fileEncoding = 4; lastKnownFileType = sourcecode.c.h; path = LunchViewController.h; sourceTree = "<group>"; };
		ACE99ACD1A711FEE00BF6C06 /* LunchViewController.m */ = {isa = PBXFileReference; fileEncoding = 4; lastKnownFileType = sourcecode.c.objc; path = LunchViewController.m; sourceTree = "<group>"; };
		ACE99ACF1A71200500BF6C06 /* ArabianNightsVC.h */ = {isa = PBXFileReference; fileEncoding = 4; lastKnownFileType = sourcecode.c.h; path = ArabianNightsVC.h; sourceTree = "<group>"; };
		ACE99AD01A71200500BF6C06 /* ArabianNightsVC.m */ = {isa = PBXFileReference; fileEncoding = 4; lastKnownFileType = sourcecode.c.objc; path = ArabianNightsVC.m; sourceTree = "<group>"; };
		ACE99AD21A71201700BF6C06 /* SunshineVC.h */ = {isa = PBXFileReference; fileEncoding = 4; lastKnownFileType = sourcecode.c.h; path = SunshineVC.h; sourceTree = "<group>"; };
		ACE99AD31A71201700BF6C06 /* SunshineVC.m */ = {isa = PBXFileReference; fileEncoding = 4; lastKnownFileType = sourcecode.c.objc; path = SunshineVC.m; sourceTree = "<group>"; };
		ACE99AD51A71203500BF6C06 /* VowsOfEternity.h */ = {isa = PBXFileReference; fileEncoding = 4; lastKnownFileType = sourcecode.c.h; path = VowsOfEternity.h; sourceTree = "<group>"; };
		ACE99AD61A71203500BF6C06 /* VowsOfEternity.m */ = {isa = PBXFileReference; fileEncoding = 4; lastKnownFileType = sourcecode.c.objc; path = VowsOfEternity.m; sourceTree = "<group>"; };
		ACE99AD91A712AA400BF6C06 /* Base */ = {isa = PBXFileReference; lastKnownFileType = file.storyboard; name = Base; path = Base.lproj/Main.storyboard; sourceTree = "<group>"; };
		ACF3C8CD1A6F9849005AAC96 /* PayalAndBhavesh.app */ = {isa = PBXFileReference; explicitFileType = wrapper.application; includeInIndex = 0; path = PayalAndBhavesh.app; sourceTree = BUILT_PRODUCTS_DIR; };
		ACF3C8D11A6F9849005AAC96 /* Info.plist */ = {isa = PBXFileReference; lastKnownFileType = text.plist.xml; path = Info.plist; sourceTree = "<group>"; };
		ACF3C8D21A6F9849005AAC96 /* main.m */ = {isa = PBXFileReference; lastKnownFileType = sourcecode.c.objc; path = main.m; sourceTree = "<group>"; };
		ACF3C8D41A6F9849005AAC96 /* AppDelegate.h */ = {isa = PBXFileReference; lastKnownFileType = sourcecode.c.h; path = AppDelegate.h; sourceTree = "<group>"; };
		ACF3C8D51A6F9849005AAC96 /* AppDelegate.m */ = {isa = PBXFileReference; lastKnownFileType = sourcecode.c.objc; path = AppDelegate.m; sourceTree = "<group>"; };
		ACF3C8D71A6F9849005AAC96 /* ViewController.h */ = {isa = PBXFileReference; lastKnownFileType = sourcecode.c.h; path = ViewController.h; sourceTree = "<group>"; };
		ACF3C8D81A6F9849005AAC96 /* ViewController.m */ = {isa = PBXFileReference; lastKnownFileType = sourcecode.c.objc; path = ViewController.m; sourceTree = "<group>"; };
		ACF3C8DD1A6F9849005AAC96 /* Images.xcassets */ = {isa = PBXFileReference; lastKnownFileType = folder.assetcatalog; path = Images.xcassets; sourceTree = "<group>"; };
		ACF3C8E01A6F9849005AAC96 /* Base */ = {isa = PBXFileReference; lastKnownFileType = file.xib; name = Base; path = Base.lproj/LaunchScreen.xib; sourceTree = "<group>"; };
		ACF3C8E61A6F9849005AAC96 /* PayalAndBhaveshTests.xctest */ = {isa = PBXFileReference; explicitFileType = wrapper.cfbundle; includeInIndex = 0; path = PayalAndBhaveshTests.xctest; sourceTree = BUILT_PRODUCTS_DIR; };
		ACF3C8EB1A6F9849005AAC96 /* Info.plist */ = {isa = PBXFileReference; lastKnownFileType = text.plist.xml; path = Info.plist; sourceTree = "<group>"; };
		ACF3C8EC1A6F9849005AAC96 /* PayalAndBhaveshTests.m */ = {isa = PBXFileReference; lastKnownFileType = sourcecode.c.objc; path = PayalAndBhaveshTests.m; sourceTree = "<group>"; };
/* End PBXFileReference section */

/* Begin PBXFrameworksBuildPhase section */
		ACF3C8CA1A6F9849005AAC96 /* Frameworks */ = {
			isa = PBXFrameworksBuildPhase;
			buildActionMask = 2147483647;
			files = (
				ACA17C4B1A723989009726DA /* SystemConfiguration.framework in Frameworks */,
				ACA17C491A72397D009726DA /* QuartzCore.framework in Frameworks */,
				ACA17C471A72394F009726DA /* OpenGLES.framework in Frameworks */,
				ACA17C451A72392B009726DA /* libz.dylib in Frameworks */,
				AC9198221A77945700B66570 /* MapKit.framework in Frameworks */,
				ACA17C431A723923009726DA /* libicucore.dylib in Frameworks */,
				ACA17C411A723913009726DA /* libc++.dylib in Frameworks */,
				ACA17C3F1A723907009726DA /* ImageIO.framework in Frameworks */,
				ACA17C3D1A723902009726DA /* GLKit.framework in Frameworks */,
				ACA17C3B1A7238FC009726DA /* CoreText.framework in Frameworks */,
				ACA17C391A7238F5009726DA /* CoreLocation.framework in Frameworks */,
				ACA17C371A7238ED009726DA /* CoreData.framework in Frameworks */,
				ACA17C351A7238E6009726DA /* AVFoundation.framework in Frameworks */,
				ACA17C331A7238BE009726DA /* GoogleMaps.framework in Frameworks */,
			);
			runOnlyForDeploymentPostprocessing = 0;
		};
		ACF3C8E31A6F9849005AAC96 /* Frameworks */ = {
			isa = PBXFrameworksBuildPhase;
			buildActionMask = 2147483647;
			files = (
			);
			runOnlyForDeploymentPostprocessing = 0;
		};
/* End PBXFrameworksBuildPhase section */

/* Begin PBXGroup section */
		AC6B23B81A70C6C20079EC50 /* SWRevealViewController */ = {
			isa = PBXGroup;
			children = (
				ACE99AC91A7117F900BF6C06 /* SWRevealViewController.h */,
				ACE99ACA1A7117F900BF6C06 /* SWRevealViewController.m */,
			);
			name = SWRevealViewController;
			path = PayalAndBhavesh;
			sourceTree = "<group>";
		};
		ACB5CAE51A77DB220050E325 /* Frameworks */ = {
			isa = PBXGroup;
			children = (
				AC9198211A77945700B66570 /* MapKit.framework */,
				ACA17C4A1A723989009726DA /* SystemConfiguration.framework */,
				ACA17C481A72397D009726DA /* QuartzCore.framework */,
				ACA17C461A72394F009726DA /* OpenGLES.framework */,
				ACA17C441A72392B009726DA /* libz.dylib */,
				ACA17C421A723923009726DA /* libicucore.dylib */,
				ACA17C401A723913009726DA /* libc++.dylib */,
				ACA17C3E1A723907009726DA /* ImageIO.framework */,
				ACA17C3C1A723902009726DA /* GLKit.framework */,
				ACA17C3A1A7238FC009726DA /* CoreText.framework */,
				ACA17C381A7238F5009726DA /* CoreLocation.framework */,
				ACA17C361A7238ED009726DA /* CoreData.framework */,
				ACA17C341A7238E6009726DA /* AVFoundation.framework */,
			);
			name = Frameworks;
			sourceTree = "<group>";
		};
		ACF3C8C41A6F9849005AAC96 = {
			isa = PBXGroup;
			children = (
				ACB5CAE51A77DB220050E325 /* Frameworks */,
				ACF3C8F61A6F986D005AAC96 /* FontsFiles */,
				AC6B23B81A70C6C20079EC50 /* SWRevealViewController */,
				ACF3C8CF1A6F9849005AAC96 /* PayalAndBhavesh */,
				ACF3C8E91A6F9849005AAC96 /* PayalAndBhaveshTests */,
				ACF3C8CE1A6F9849005AAC96 /* Products */,
			);
			sourceTree = "<group>";
		};
		ACF3C8CE1A6F9849005AAC96 /* Products */ = {
			isa = PBXGroup;
			children = (
				ACF3C8CD1A6F9849005AAC96 /* PayalAndBhavesh.app */,
				ACF3C8E61A6F9849005AAC96 /* PayalAndBhaveshTests.xctest */,
			);
			name = Products;
			sourceTree = "<group>";
		};
		ACF3C8CF1A6F9849005AAC96 /* PayalAndBhavesh */ = {
			isa = PBXGroup;
			children = (
				ACF3C8D41A6F9849005AAC96 /* AppDelegate.h */,
				ACF3C8D51A6F9849005AAC96 /* AppDelegate.m */,
				AC5224781A78DBA600378CEB /* UConstants.h */,
				ACF3C8D71A6F9849005AAC96 /* ViewController.h */,
				ACF3C8D81A6F9849005AAC96 /* ViewController.m */,
				ACA8ACFA1A70FC8E00CA7F9E /* MenuViewController.h */,
				ACA8ACFB1A70FC8E00CA7F9E /* MenuViewController.m */,
				ACA8ACFD1A70FD8700CA7F9E /* MenuCustomTableViewCell.h */,
				ACA8ACFE1A70FD8700CA7F9E /* MenuCustomTableViewCell.m */,
				ACE99ACC1A711FEE00BF6C06 /* LunchViewController.h */,
				ACE99ACD1A711FEE00BF6C06 /* LunchViewController.m */,
				ACE99ACF1A71200500BF6C06 /* ArabianNightsVC.h */,
				ACE99AD01A71200500BF6C06 /* ArabianNightsVC.m */,
				ACE99AD21A71201700BF6C06 /* SunshineVC.h */,
				ACE99AD31A71201700BF6C06 /* SunshineVC.m */,
				ACE99AD51A71203500BF6C06 /* VowsOfEternity.h */,
				ACE99AD61A71203500BF6C06 /* VowsOfEternity.m */,
				ACA17C2D1A72350D009726DA /* RouteViewController.h */,
				ACA17C2E1A72350D009726DA /* RouteViewController.m */,
				AC91981A1A775E2600B66570 /* RouteVC.h */,
				AC91981B1A775E2600B66570 /* RouteVC.m */,
				ACF3C8DD1A6F9849005AAC96 /* Images.xcassets */,
				ACF3C8DF1A6F9849005AAC96 /* LaunchScreen.xib */,
				ACF3C8D01A6F9849005AAC96 /* Supporting Files */,
			);
			path = PayalAndBhavesh;
			sourceTree = "<group>";
		};
		ACF3C8D01A6F9849005AAC96 /* Supporting Files */ = {
			isa = PBXGroup;
			children = (
				ACABF82C1A72652100FBD1BC /* GoogleMaps.bundle */,
				ACA17C311A7238BE009726DA /* GoogleMaps.framework */,
				ACE99AD81A712AA400BF6C06 /* Main.storyboard */,
				ACF3C8D11A6F9849005AAC96 /* Info.plist */,
				ACF3C8D21A6F9849005AAC96 /* main.m */,
			);
			name = "Supporting Files";
			sourceTree = "<group>";
		};
		ACF3C8E91A6F9849005AAC96 /* PayalAndBhaveshTests */ = {
			isa = PBXGroup;
			children = (
				ACF3C8EC1A6F9849005AAC96 /* PayalAndBhaveshTests.m */,
				ACF3C8EA1A6F9849005AAC96 /* Supporting Files */,
			);
			path = PayalAndBhaveshTests;
			sourceTree = "<group>";
		};
		ACF3C8EA1A6F9849005AAC96 /* Supporting Files */ = {
			isa = PBXGroup;
			children = (
				ACF3C8EB1A6F9849005AAC96 /* Info.plist */,
			);
			name = "Supporting Files";
			sourceTree = "<group>";
		};
		ACF3C8F61A6F986D005AAC96 /* FontsFiles */ = {
			isa = PBXGroup;
			children = (
				ACA17C291A72271D009726DA /* tt0140m.ttf */,
				ACA17C2A1A72271D009726DA /* tt0141m.ttf */,
			);
			name = FontsFiles;
			sourceTree = "<group>";
		};
/* End PBXGroup section */

/* Begin PBXNativeTarget section */
		ACF3C8CC1A6F9849005AAC96 /* PayalAndBhavesh */ = {
			isa = PBXNativeTarget;
			buildConfigurationList = ACF3C8F01A6F9849005AAC96 /* Build configuration list for PBXNativeTarget "PayalAndBhavesh" */;
			buildPhases = (
				ACF3C8C91A6F9849005AAC96 /* Sources */,
				ACF3C8CA1A6F9849005AAC96 /* Frameworks */,
				ACF3C8CB1A6F9849005AAC96 /* Resources */,
			);
			buildRules = (
			);
			dependencies = (
			);
			name = PayalAndBhavesh;
			productName = PayalAndBhavesh;
			productReference = ACF3C8CD1A6F9849005AAC96 /* PayalAndBhavesh.app */;
			productType = "com.apple.product-type.application";
		};
		ACF3C8E51A6F9849005AAC96 /* PayalAndBhaveshTests */ = {
			isa = PBXNativeTarget;
			buildConfigurationList = ACF3C8F31A6F9849005AAC96 /* Build configuration list for PBXNativeTarget "PayalAndBhaveshTests" */;
			buildPhases = (
				ACF3C8E21A6F9849005AAC96 /* Sources */,
				ACF3C8E31A6F9849005AAC96 /* Frameworks */,
				ACF3C8E41A6F9849005AAC96 /* Resources */,
			);
			buildRules = (
			);
			dependencies = (
				ACF3C8E81A6F9849005AAC96 /* PBXTargetDependency */,
			);
			name = PayalAndBhaveshTests;
			productName = PayalAndBhaveshTests;
			productReference = ACF3C8E61A6F9849005AAC96 /* PayalAndBhaveshTests.xctest */;
			productType = "com.apple.product-type.bundle.unit-test";
		};
/* End PBXNativeTarget section */

/* Begin PBXProject section */
		ACF3C8C51A6F9849005AAC96 /* Project object */ = {
			isa = PBXProject;
			attributes = {
				LastUpgradeCheck = 0610;
				ORGANIZATIONNAME = Mobikasa;
				TargetAttributes = {
					ACF3C8CC1A6F9849005AAC96 = {
						CreatedOnToolsVersion = 6.1;
						DevelopmentTeam = G6FGSX66DG;
						SystemCapabilities = {
							com.apple.Maps.iOS = {
								enabled = 1;
							};
							com.apple.iOS = {
								enabled = 0;
							};
						};
					};
					ACF3C8E51A6F9849005AAC96 = {
						CreatedOnToolsVersion = 6.1;
						DevelopmentTeam = 724FNM7B49;
						TestTargetID = ACF3C8CC1A6F9849005AAC96;
					};
				};
			};
			buildConfigurationList = ACF3C8C81A6F9849005AAC96 /* Build configuration list for PBXProject "PayalAndBhavesh" */;
			compatibilityVersion = "Xcode 3.2";
			developmentRegion = English;
			hasScannedForEncodings = 0;
			knownRegions = (
				en,
				Base,
			);
			mainGroup = ACF3C8C41A6F9849005AAC96;
			productRefGroup = ACF3C8CE1A6F9849005AAC96 /* Products */;
			projectDirPath = "";
			projectRoot = "";
			targets = (
				ACF3C8CC1A6F9849005AAC96 /* PayalAndBhavesh */,
				ACF3C8E51A6F9849005AAC96 /* PayalAndBhaveshTests */,
			);
		};
/* End PBXProject section */

/* Begin PBXResourcesBuildPhase section */
		ACF3C8CB1A6F9849005AAC96 /* Resources */ = {
			isa = PBXResourcesBuildPhase;
			buildActionMask = 2147483647;
			files = (
				ACE99ADA1A712AA400BF6C06 /* Main.storyboard in Resources */,
				ACA17C2B1A72271D009726DA /* tt0140m.ttf in Resources */,
				ACF3C8E11A6F9849005AAC96 /* LaunchScreen.xib in Resources */,
				ACABF82D1A72652100FBD1BC /* GoogleMaps.bundle in Resources */,
				ACF3C8DE1A6F9849005AAC96 /* Images.xcassets in Resources */,
				ACA17C2C1A72271D009726DA /* tt0141m.ttf in Resources */,
			);
			runOnlyForDeploymentPostprocessing = 0;
		};
		ACF3C8E41A6F9849005AAC96 /* Resources */ = {
			isa = PBXResourcesBuildPhase;
			buildActionMask = 2147483647;
			files = (
			);
			runOnlyForDeploymentPostprocessing = 0;
		};
/* End PBXResourcesBuildPhase section */

/* Begin PBXSourcesBuildPhase section */
		ACF3C8C91A6F9849005AAC96 /* Sources */ = {
			isa = PBXSourcesBuildPhase;
			buildActionMask = 2147483647;
			files = (
				ACE99AD11A71200500BF6C06 /* ArabianNightsVC.m in Sources */,
				ACE99AD71A71203500BF6C06 /* VowsOfEternity.m in Sources */,
				ACF3C8D91A6F9849005AAC96 /* ViewController.m in Sources */,
				ACF3C8D61A6F9849005AAC96 /* AppDelegate.m in Sources */,
				AC91981C1A775E2600B66570 /* RouteVC.m in Sources */,
				ACA17C2F1A72350D009726DA /* RouteViewController.m in Sources */,
				ACF3C8D31A6F9849005AAC96 /* main.m in Sources */,
				ACE99ACE1A711FEE00BF6C06 /* LunchViewController.m in Sources */,
				ACA8ACFC1A70FC8E00CA7F9E /* MenuViewController.m in Sources */,
				ACE99AD41A71201700BF6C06 /* SunshineVC.m in Sources */,
				ACA8ACFF1A70FD8700CA7F9E /* MenuCustomTableViewCell.m in Sources */,
				ACE99ACB1A7117F900BF6C06 /* SWRevealViewController.m in Sources */,
			);
			runOnlyForDeploymentPostprocessing = 0;
		};
		ACF3C8E21A6F9849005AAC96 /* Sources */ = {
			isa = PBXSourcesBuildPhase;
			buildActionMask = 2147483647;
			files = (
				ACF3C8ED1A6F9849005AAC96 /* PayalAndBhaveshTests.m in Sources */,
			);
			runOnlyForDeploymentPostprocessing = 0;
		};
/* End PBXSourcesBuildPhase section */

/* Begin PBXTargetDependency section */
		ACF3C8E81A6F9849005AAC96 /* PBXTargetDependency */ = {
			isa = PBXTargetDependency;
			target = ACF3C8CC1A6F9849005AAC96 /* PayalAndBhavesh */;
			targetProxy = ACF3C8E71A6F9849005AAC96 /* PBXContainerItemProxy */;
		};
/* End PBXTargetDependency section */

/* Begin PBXVariantGroup section */
		ACE99AD81A712AA400BF6C06 /* Main.storyboard */ = {
			isa = PBXVariantGroup;
			children = (
				ACE99AD91A712AA400BF6C06 /* Base */,
			);
			name = Main.storyboard;
			sourceTree = "<group>";
		};
		ACF3C8DF1A6F9849005AAC96 /* LaunchScreen.xib */ = {
			isa = PBXVariantGroup;
			children = (
				ACF3C8E01A6F9849005AAC96 /* Base */,
			);
			name = LaunchScreen.xib;
			sourceTree = "<group>";
		};
/* End PBXVariantGroup section */

/* Begin XCBuildConfiguration section */
		ACF3C8EE1A6F9849005AAC96 /* Debug */ = {
			isa = XCBuildConfiguration;
			buildSettings = {
				ALWAYS_SEARCH_USER_PATHS = NO;
				CLANG_CXX_LANGUAGE_STANDARD = "gnu++0x";
				CLANG_CXX_LIBRARY = "libc++";
				CLANG_ENABLE_MODULES = YES;
				CLANG_ENABLE_OBJC_ARC = YES;
				CLANG_WARN_BOOL_CONVERSION = YES;
				CLANG_WARN_CONSTANT_CONVERSION = YES;
				CLANG_WARN_DIRECT_OBJC_ISA_USAGE = YES_ERROR;
				CLANG_WARN_EMPTY_BODY = YES;
				CLANG_WARN_ENUM_CONVERSION = YES;
				CLANG_WARN_INT_CONVERSION = YES;
				CLANG_WARN_OBJC_ROOT_CLASS = YES_ERROR;
				CLANG_WARN_UNREACHABLE_CODE = YES;
				CLANG_WARN__DUPLICATE_METHOD_MATCH = YES;
				CODE_SIGN_IDENTITY = "iPhone Distribution: Rounded Corners, LLC";
				"CODE_SIGN_IDENTITY[sdk=iphoneos*]" = "iPhone Distribution: Rounded Corners, LLC";
				COPY_PHASE_STRIP = NO;
				ENABLE_STRICT_OBJC_MSGSEND = YES;
				GCC_C_LANGUAGE_STANDARD = gnu99;
				GCC_DYNAMIC_NO_PIC = NO;
				GCC_OPTIMIZATION_LEVEL = 0;
				GCC_PREPROCESSOR_DEFINITIONS = (
					"DEBUG=1",
					"$(inherited)",
				);
				GCC_SYMBOLS_PRIVATE_EXTERN = NO;
				GCC_WARN_64_TO_32_BIT_CONVERSION = YES;
				GCC_WARN_ABOUT_RETURN_TYPE = YES_ERROR;
				GCC_WARN_UNDECLARED_SELECTOR = YES;
				GCC_WARN_UNINITIALIZED_AUTOS = YES_AGGRESSIVE;
				GCC_WARN_UNUSED_FUNCTION = YES;
				GCC_WARN_UNUSED_VARIABLE = YES;
				IPHONEOS_DEPLOYMENT_TARGET = 8.1;
				MTL_ENABLE_DEBUG_INFO = YES;
				ONLY_ACTIVE_ARCH = YES;
				OTHER_LDFLAGS = "-ObjC";
				PROVISIONING_PROFILE = "32f2c78b-20f1-475b-a595-e95492bcec04";
				SDKROOT = iphoneos;
			};
			name = Debug;
		};
		ACF3C8EF1A6F9849005AAC96 /* Release */ = {
			isa = XCBuildConfiguration;
			buildSettings = {
				ALWAYS_SEARCH_USER_PATHS = NO;
				CLANG_CXX_LANGUAGE_STANDARD = "gnu++0x";
				CLANG_CXX_LIBRARY = "libc++";
				CLANG_ENABLE_MODULES = YES;
				CLANG_ENABLE_OBJC_ARC = YES;
				CLANG_WARN_BOOL_CONVERSION = YES;
				CLANG_WARN_CONSTANT_CONVERSION = YES;
				CLANG_WARN_DIRECT_OBJC_ISA_USAGE = YES_ERROR;
				CLANG_WARN_EMPTY_BODY = YES;
				CLANG_WARN_ENUM_CONVERSION = YES;
				CLANG_WARN_INT_CONVERSION = YES;
				CLANG_WARN_OBJC_ROOT_CLASS = YES_ERROR;
				CLANG_WARN_UNREACHABLE_CODE = YES;
				CLANG_WARN__DUPLICATE_METHOD_MATCH = YES;
				CODE_SIGN_IDENTITY = "iPhone Distribution: Rounded Corners, LLC";
				"CODE_SIGN_IDENTITY[sdk=iphoneos*]" = "iPhone Distribution: Rounded Corners, LLC";
				COPY_PHASE_STRIP = YES;
				ENABLE_NS_ASSERTIONS = NO;
				ENABLE_STRICT_OBJC_MSGSEND = YES;
				GCC_C_LANGUAGE_STANDARD = gnu99;
				GCC_WARN_64_TO_32_BIT_CONVERSION = YES;
				GCC_WARN_ABOUT_RETURN_TYPE = YES_ERROR;
				GCC_WARN_UNDECLARED_SELECTOR = YES;
				GCC_WARN_UNINITIALIZED_AUTOS = YES_AGGRESSIVE;
				GCC_WARN_UNUSED_FUNCTION = YES;
				GCC_WARN_UNUSED_VARIABLE = YES;
				IPHONEOS_DEPLOYMENT_TARGET = 8.1;
				MTL_ENABLE_DEBUG_INFO = NO;
				PROVISIONING_PROFILE = "32f2c78b-20f1-475b-a595-e95492bcec04";
				SDKROOT = iphoneos;
				VALIDATE_PRODUCT = YES;
			};
			name = Release;
		};
		ACF3C8F11A6F9849005AAC96 /* Debug */ = {
			isa = XCBuildConfiguration;
			buildSettings = {
				ASSETCATALOG_COMPILER_APPICON_NAME = AppIcon;
				CODE_SIGN_IDENTITY = "iPhone Distribution: Rounded Corners, LLC";
				"CODE_SIGN_IDENTITY[sdk=iphoneos*]" = "iPhone Distribution: Rounded Corners, LLC";
				FRAMEWORK_SEARCH_PATHS = (
					"$(inherited)",
					"$(PROJECT_DIR)/PayalAndBhavesh",
				);
				INFOPLIST_FILE = PayalAndBhavesh/Info.plist;
				IPHONEOS_DEPLOYMENT_TARGET = 7.0;
				LD_RUNPATH_SEARCH_PATHS = "$(inherited) @executable_path/Frameworks";
				PRODUCT_NAME = PayalAndBhavesh;
				PROVISIONING_PROFILE = "32f2c78b-20f1-475b-a595-e95492bcec04";
			};
			name = Debug;
		};
		ACF3C8F21A6F9849005AAC96 /* Release */ = {
			isa = XCBuildConfiguration;
			buildSettings = {
				ASSETCATALOG_COMPILER_APPICON_NAME = AppIcon;
				CODE_SIGN_IDENTITY = "iPhone Distribution: Rounded Corners, LLC";
				"CODE_SIGN_IDENTITY[sdk=iphoneos*]" = "iPhone Distribution: Rounded Corners, LLC";
				FRAMEWORK_SEARCH_PATHS = (
					"$(inherited)",
					"$(PROJECT_DIR)/PayalAndBhavesh",
				);
				INFOPLIST_FILE = PayalAndBhavesh/Info.plist;
				IPHONEOS_DEPLOYMENT_TARGET = 7.0;
				LD_RUNPATH_SEARCH_PATHS = "$(inherited) @executable_path/Frameworks";
				PRODUCT_NAME = PayalAndBhavesh;
				PROVISIONING_PROFILE = "32f2c78b-20f1-475b-a595-e95492bcec04";
			};
			name = Release;
		};
		ACF3C8F41A6F9849005AAC96 /* Debug */ = {
			isa = XCBuildConfiguration;
			buildSettings = {
				BUNDLE_LOADER = "$(TEST_HOST)";
				CODE_SIGN_IDENTITY = "iPhone Developer";
				"CODE_SIGN_IDENTITY[sdk=iphoneos*]" = "iPhone Developer";
				FRAMEWORK_SEARCH_PATHS = (
					"$(SDKROOT)/Developer/Library/Frameworks",
					"$(inherited)",
				);
				GCC_PREPROCESSOR_DEFINITIONS = (
					"DEBUG=1",
					"$(inherited)",
				);
				INFOPLIST_FILE = PayalAndBhaveshTests/Info.plist;
				LD_RUNPATH_SEARCH_PATHS = "$(inherited) @executable_path/Frameworks @loader_path/Frameworks";
				PRODUCT_NAME = "$(TARGET_NAME)";
				PROVISIONING_PROFILE = "";
				TEST_HOST = "$(BUILT_PRODUCTS_DIR)/PayalAndBhavesh.app/PayalAndBhavesh";
			};
			name = Debug;
		};
		ACF3C8F51A6F9849005AAC96 /* Release */ = {
			isa = XCBuildConfiguration;
			buildSettings = {
				BUNDLE_LOADER = "$(TEST_HOST)";
				CODE_SIGN_IDENTITY = "iPhone Developer";
				"CODE_SIGN_IDENTITY[sdk=iphoneos*]" = "iPhone Developer";
				FRAMEWORK_SEARCH_PATHS = (
					"$(SDKROOT)/Developer/Library/Frameworks",
					"$(inherited)",
				);
				INFOPLIST_FILE = PayalAndBhaveshTests/Info.plist;
				LD_RUNPATH_SEARCH_PATHS = "$(inherited) @executable_path/Frameworks @loader_path/Frameworks";
				PRODUCT_NAME = "$(TARGET_NAME)";
				PROVISIONING_PROFILE = "";
				TEST_HOST = "$(BUILT_PRODUCTS_DIR)/PayalAndBhavesh.app/PayalAndBhavesh";
			};
			name = Release;
		};
/* End XCBuildConfiguration section */

/* Begin XCConfigurationList section */
		ACF3C8C81A6F9849005AAC96 /* Build configuration list for PBXProject "PayalAndBhavesh" */ = {
			isa = XCConfigurationList;
			buildConfigurations = (
				ACF3C8EE1A6F9849005AAC96 /* Debug */,
				ACF3C8EF1A6F9849005AAC96 /* Release */,
			);
			defaultConfigurationIsVisible = 0;
			defaultConfigurationName = Release;
		};
		ACF3C8F01A6F9849005AAC96 /* Build configuration list for PBXNativeTarget "PayalAndBhavesh" */ = {
			isa = XCConfigurationList;
			buildConfigurations = (
				ACF3C8F11A6F9849005AAC96 /* Debug */,
				ACF3C8F21A6F9849005AAC96 /* Release */,
			);
			defaultConfigurationIsVisible = 0;
			defaultConfigurationName = Release;
		};
		ACF3C8F31A6F9849005AAC96 /* Build configuration list for PBXNativeTarget "PayalAndBhaveshTests" */ = {
			isa = XCConfigurationList;
			buildConfigurations = (
				ACF3C8F41A6F9849005AAC96 /* Debug */,
				ACF3C8F51A6F9849005AAC96 /* Release */,
			);
			defaultConfigurationIsVisible = 0;
			defaultConfigurationName = Release;
		};
/* End XCConfigurationList section */
	};
	rootObject = ACF3C8C51A6F9849005AAC96 /* Project object */;
}
